{
  "nodes": {
    "forgejo-tf-gen": {
      "inputs": {
        "nixpkgs": "nixpkgs"
      },
      "locked": {
        "lastModified": 1778628904,
        "narHash": "sha256-3d/3DmPwr2BSL/mhIlYhtTNTUGClTsJjHF+00dmYrGw=",
        "ref": "refs/heads/master",
        "rev": "e072e04eb3cc95c81b4bdd0280a1bbd7fcb48818",
        "revCount": 3,
        "type": "git",
        "url": "ssh://git@git.piq9117.com:2222/piq9117/forgejo-tf-gen.git"
      },
      "original": {
        "type": "git",
        "url": "ssh://git@git.piq9117.com:2222/piq9117/forgejo-tf-gen.git"
      }
    },
    "nixpkgs": {
      "locked": {
        "lastModified": 1778551015,
        "narHash": "sha256-j299xXVjlKs5WtVkKSgEXZGvpTTw5X2iWwKs4KWv/Ag=",
        "owner": "NixOS",
        "repo": "nixpkgs",
        "rev": "0a0bf409f3593f415d0a554f33acc63dc7dccb43",
        "type": "github"
      },
      "original": {
        "owner": "NixOS",
        "ref": "nixpkgs-unstable",
        "repo": "nixpkgs",
        "type": "github"
      }
    },
    "nixpkgs_2": {
      "locked": {
        "lastModified": 1778580735,
        "narHash": "sha256-t+8AVV8ExvOmslz2sLIgw/hJBKlyl65rJvxjvvjHgpE=",
        "owner": "NixOS",
        "repo": "nixpkgs",
        "rev": "48d91f2c0ce7b9e589f967d4f685153dd765dcdd",
        "type": "github"
      },
      "original": {
        "owner": "NixOS",
        "ref": "nixpkgs-unstable",
        "repo": "nixpkgs",
        "type": "github"
      }
    },
    "root": {
      "inputs": {
        "forgejo-tf-gen": "forgejo-tf-gen",
        "nixpkgs": "nixpkgs_2"
      }
    }
  },
  "root": "root",
  "version": 7
}
